
Microsoft Visual Studio Solution File, Format Version 12.00
# Visual Studio Version 16
VisualStudioVersion = 16.0.30804.86
MinimumVisualStudioVersion = 10.0.40219.1
Project("{FAE04EC0-301F-11D3-BF4B-00C04F79EFBC}") = "first_c_sharp_application", "first_c_sharp_application\first_c_sharp_application.csproj", "{FEC36A88-4F44-4506-B47A-6F28C7B27BA0}"
EndProject
Global
	GlobalSection(SolutionConfigurationPlatforms) = preSolution
		Debug|Any CPU = Debug|Any CPU
		Release|Any CPU = Release|Any CPU
	EndGlobalSection
	GlobalSection(ProjectConfigurationPlatforms) = postSolution
		{FEC36A88-4F44-4506-B47A-6F28C7B27BA0}.Debug|Any CPU.ActiveCfg = Debug|Any CPU
		{FEC36A88-4F44-4506-B47A-6F28C7B27BA0}.Debug|Any CPU.Build.0 = Debug|Any CPU
		{FEC36A88-4F44-4506-B47A-6F28C7B27BA0}.Release|Any CPU.ActiveCfg = Release|Any CPU
		{FEC36A88-4F44-4506-B47A-6F28C7B27BA0}.Release|Any CPU.Build.0 = Release|Any CPU
	EndGlobalSection
	GlobalSection(SolutionProperties) = preSolution
		HideSolutionNode = FALSE
	EndGlobalSection
	GlobalSection(ExtensibilityGlobals) = postSolution
		SolutionGuid = {3A993FB9-254D-492C-A8DA-B47033C380DC}
	EndGlobalSection
EndGlobal
